Microsoft Visual Studio Solution File, Format Version 8.00
Project("{F184B08F-C81C-45F6-A57F-5ABD9991F28F}") = "WordExtractEmail", "WordExtractEmail.vbproj", "{61B0D484-43DB-4229-971A-F05AC409EB3F}"
	ProjectSection(ProjectDependencies) = postProject
	EndProjectSection
EndProject
Global
	GlobalSection(SolutionConfiguration) = preSolution
		Debug = Debug
		Release = Release
	EndGlobalSection
	GlobalSection(ProjectConfiguration) = postSolution
		{61B0D484-43DB-4229-971A-F05AC409EB3F}.Debug.ActiveCfg = Debug|.NET
		{61B0D484-43DB-4229-971A-F05AC409EB3F}.Debug.Build.0 = Debug|.NET
		{61B0D484-43DB-4229-971A-F05AC409EB3F}.Release.ActiveCfg = Release|.NET
		{61B0D484-43DB-4229-971A-F05AC409EB3F}.Release.Build.0 = Release|.NET
	EndGlobalSection
	GlobalSection(ExtensibilityGlobals) = postSolution
	EndGlobalSection
	GlobalSection(ExtensibilityAddIns) = postSolution
	EndGlobalSection
EndGlobal
